
Microsoft Visual Studio Solution File, Format Version 12.00
# Visual Studio Version 16
VisualStudioVersion = 16.0.28803.202
MinimumVisualStudioVersion = 10.0.40219.1
Project("{9A19103F-16F7-4668-BE54-9A1E7A4F7556}") = "Integral.Network.Interface", "Integral.Network.Interface\Integral.Network.Interface.csproj", "{99FF539B-FCE4-48A0-BE33-DA353AAF5A76}"
EndProject
Project("{9A19103F-16F7-4668-BE54-9A1E7A4F7556}") = "Integral.Network", "Integral.Network\Integral.Network.csproj", "{9B40ABEF-7C58-4849-8602-0F160EBA9AC9}"
EndProject
Project("{9A19103F-16F7-4668-BE54-9A1E7A4F7556}") = "Integral.Network.Tests", "Integral.Network.Tests\Integral.Network.Tests.csproj", "{B431BDD4-4D62-4E86-A04C-B5B22D1876FD}"
EndProject
Global
	GlobalSection(SolutionConfigurationPlatforms) = preSolution
		Debug|Any CPU = Debug|Any CPU
		Release|Any CPU = Release|Any CPU
	EndGlobalSection
	GlobalSection(ProjectConfigurationPlatforms) = postSolution
		{99FF539B-FCE4-48A0-BE33-DA353AAF5A76}.Debug|Any CPU.ActiveCfg = Debug|Any CPU
		{99FF539B-FCE4-48A0-BE33-DA353AAF5A76}.Debug|Any CPU.Build.0 = Debug|Any CPU
		{99FF539B-FCE4-48A0-BE33-DA353AAF5A76}.Release|Any CPU.ActiveCfg = Release|Any CPU
		{99FF539B-FCE4-48A0-BE33-DA353AAF5A76}.Release|Any CPU.Build.0 = Release|Any CPU
		{9B40ABEF-7C58-4849-8602-0F160EBA9AC9}.Debug|Any CPU.ActiveCfg = Debug|Any CPU
		{9B40ABEF-7C58-4849-8602-0F160EBA9AC9}.Debug|Any CPU.Build.0 = Debug|Any CPU
		{9B40ABEF-7C58-4849-8602-0F160EBA9AC9}.Release|Any CPU.ActiveCfg = Release|Any CPU
		{9B40ABEF-7C58-4849-8602-0F160EBA9AC9}.Release|Any CPU.Build.0 = Release|Any CPU
		{B431BDD4-4D62-4E86-A04C-B5B22D1876FD}.Debug|Any CPU.ActiveCfg = Debug|Any CPU
		{B431BDD4-4D62-4E86-A04C-B5B22D1876FD}.Debug|Any CPU.Build.0 = Debug|Any CPU
		{B431BDD4-4D62-4E86-A04C-B5B22D1876FD}.Release|Any CPU.ActiveCfg = Release|Any CPU
		{B431BDD4-4D62-4E86-A04C-B5B22D1876FD}.Release|Any CPU.Build.0 = Release|Any CPU
	EndGlobalSection
	GlobalSection(SolutionProperties) = preSolution
		HideSolutionNode = FALSE
	EndGlobalSection
	GlobalSection(ExtensibilityGlobals) = postSolution
		SolutionGuid = {81E22977-782E-4136-B374-743B33D9D956}
	EndGlobalSection
EndGlobal
